
Microsoft Visual Studio Solution File, Format Version 12.00
# Visual Studio Version 16
VisualStudioVersion = 16.0.30517.126
MinimumVisualStudioVersion = 10.0.40219.1
Project("{FAE04EC0-301F-11D3-BF4B-00C04F79EFBC}") = "Midbreak test", "Midbreak test\Midbreak test.csproj", "{C172AB24-D448-4EE8-A994-E2B36A3570D5}"
EndProject
Global
	GlobalSection(SolutionConfigurationPlatforms) = preSolution
		Debug|Any CPU = Debug|Any CPU
		Release|Any CPU = Release|Any CPU
	EndGlobalSection
	GlobalSection(ProjectConfigurationPlatforms) = postSolution
		{C172AB24-D448-4EE8-A994-E2B36A3570D5}.Debug|Any CPU.ActiveCfg = Debug|Any CPU
		{C172AB24-D448-4EE8-A994-E2B36A3570D5}.Debug|Any CPU.Build.0 = Debug|Any CPU
		{C172AB24-D448-4EE8-A994-E2B36A3570D5}.Release|Any CPU.ActiveCfg = Release|Any CPU
		{C172AB24-D448-4EE8-A994-E2B36A3570D5}.Release|Any CPU.Build.0 = Release|Any CPU
	EndGlobalSection
	GlobalSection(SolutionProperties) = preSolution
		HideSolutionNode = FALSE
	EndGlobalSection
	GlobalSection(ExtensibilityGlobals) = postSolution
		SolutionGuid = {508E7A6E-0EC9-42DB-9779-B2B359D37FA9}
	EndGlobalSection
EndGlobal
